// !$*UTF8*$!
{
	archiveVersion = 1;
	classes = {
	};
	objectVersion = 55;
	objects = {

/* Begin PBXBuildFile section */
		17E57EBA283EABDB00424A1E /* FirebaseDatabase in Frameworks */ = {isa = PBXBuildFile; productRef = 17E57EB9283EABDB00424A1E /* FirebaseDatabase */; };
		17E57EBC283EABDB00424A1E /* FirebaseDatabaseSwift-Beta in Frameworks */ = {isa = PBXBuildFile; productRef = 17E57EBB283EABDB00424A1E /* FirebaseDatabaseSwift-Beta */; };
		17E57EBE283EABDC00424A1E /* FirebaseFirestore in Frameworks */ = {isa = PBXBuildFile; productRef = 17E57EBD283EABDC00424A1E /* FirebaseFirestore */; };
		FF09389C2839EA580026AB2D /* GlowBorder.swift in Sources */ = {isa = PBXBuildFile; fileRef = FF09389B2839EA570026AB2D /* GlowBorder.swift */; };
		FF0938A0283A843F0026AB2D /* ReportError.swift in Sources */ = {isa = PBXBuildFile; fileRef = FF09389F283A843E0026AB2D /* ReportError.swift */; };
		FF0938A2283A88DD0026AB2D /* PopUp.swift in Sources */ = {isa = PBXBuildFile; fileRef = FF0938A1283A88DD0026AB2D /* PopUp.swift */; };
		FF39917D2837236900963F86 /* ProfileView.swift in Sources */ = {isa = PBXBuildFile; fileRef = FF39917C2837236900963F86 /* ProfileView.swift */; };
		FF3991922839447200963F86 /* GifImageView.swift in Sources */ = {isa = PBXBuildFile; fileRef = FF3991912839447200963F86 /* GifImageView.swift */; };
		FF3991942839476200963F86 /* CountdownView.swift in Sources */ = {isa = PBXBuildFile; fileRef = FF3991932839476200963F86 /* CountdownView.swift */; };
		FF443EC9283EA60D00F7330D /* GoogleService-Info.plist in Resources */ = {isa = PBXBuildFile; fileRef = FF443EC8283EA60D00F7330D /* GoogleService-Info.plist */; };
		FF5DBBD5282DE0C0007DC544 /* TagOutView.swift in Sources */ = {isa = PBXBuildFile; fileRef = FF5DBBD4282DE0C0007DC544 /* TagOutView.swift */; };
		FF7A0B6E282D67F1003BE9BF /* GotchaApp.swift in Sources */ = {isa = PBXBuildFile; fileRef = FF7A0B6D282D67F1003BE9BF /* GotchaApp.swift */; };
		FF7A0B72282D67F4003BE9BF /* Assets.xcassets in Resources */ = {isa = PBXBuildFile; fileRef = FF7A0B71282D67F4003BE9BF /* Assets.xcassets */; };
		FF7A0B75282D67F5003BE9BF /* Preview Assets.xcassets in Resources */ = {isa = PBXBuildFile; fileRef = FF7A0B74282D67F5003BE9BF /* Preview Assets.xcassets */; };
		FF7A0B7F282D67F5003BE9BF /* GotchaTests.swift in Sources */ = {isa = PBXBuildFile; fileRef = FF7A0B7E282D67F5003BE9BF /* GotchaTests.swift */; };
		FF7A0B89282D67F5003BE9BF /* GotchaUITests.swift in Sources */ = {isa = PBXBuildFile; fileRef = FF7A0B88282D67F5003BE9BF /* GotchaUITests.swift */; };
		FF7A0B8B282D67F5003BE9BF /* GotchaUITestsLaunchTests.swift in Sources */ = {isa = PBXBuildFile; fileRef = FF7A0B8A282D67F5003BE9BF /* GotchaUITestsLaunchTests.swift */; };
		FF7A0B98282D69E4003BE9BF /* LoginView.swift in Sources */ = {isa = PBXBuildFile; fileRef = FF7A0B97282D69E4003BE9BF /* LoginView.swift */; };
		FF7A0B9A282D69F1003BE9BF /* MainView.swift in Sources */ = {isa = PBXBuildFile; fileRef = FF7A0B99282D69F1003BE9BF /* MainView.swift */; };
		FF7A0B9C282D69FB003BE9BF /* LeaderBoardView.swift in Sources */ = {isa = PBXBuildFile; fileRef = FF7A0B9B282D69FB003BE9BF /* LeaderBoardView.swift */; };
		FFE71957283C0481008299EC /* ezgif.com-gif-maker (1).gif in Resources */ = {isa = PBXBuildFile; fileRef = FFE71956283C0480008299EC /* ezgif.com-gif-maker (1).gif */; };
		FFE71959283C04E3008299EC /* anonymous-glitch.gif in Resources */ = {isa = PBXBuildFile; fileRef = FFE71958283C04E3008299EC /* anonymous-glitch.gif */; };
		FFE7195B283C053D008299EC /* ezgif.com-gif-maker (2).gif in Resources */ = {isa = PBXBuildFile; fileRef = FFE7195A283C053D008299EC /* ezgif.com-gif-maker (2).gif */; };
/* End PBXBuildFile section */

/* Begin PBXContainerItemProxy section */
		FF7A0B7B282D67F5003BE9BF /* PBXContainerItemProxy */ = {
			isa = PBXContainerItemProxy;
			containerPortal = FF7A0B62282D67F1003BE9BF /* Project object */;
			proxyType = 1;
			remoteGlobalIDString = FF7A0B69282D67F1003BE9BF;
			remoteInfo = Gotcha;
		};
		FF7A0B85282D67F5003BE9BF /* PBXContainerItemProxy */ = {
			isa = PBXContainerItemProxy;
			containerPortal = FF7A0B62282D67F1003BE9BF /* Project object */;
			proxyType = 1;
			remoteGlobalIDString = FF7A0B69282D67F1003BE9BF;
			remoteInfo = Gotcha;
		};
/* End PBXContainerItemProxy section */

/* Begin PBXFileReference section */
		FF09389B2839EA570026AB2D /* GlowBorder.swift */ = {isa = PBXFileReference; lastKnownFileType = sourcecode.swift; path = GlowBorder.swift; sourceTree = "<group>"; };
		FF09389F283A843E0026AB2D /* ReportError.swift */ = {isa = PBXFileReference; lastKnownFileType = sourcecode.swift; path = ReportError.swift; sourceTree = "<group>"; };
		FF0938A1283A88DD0026AB2D /* PopUp.swift */ = {isa = PBXFileReference; lastKnownFileType = sourcecode.swift; path = PopUp.swift; sourceTree = "<group>"; };
		FF39917C2837236900963F86 /* ProfileView.swift */ = {isa = PBXFileReference; lastKnownFileType = sourcecode.swift; path = ProfileView.swift; sourceTree = "<group>"; };
		FF3991912839447200963F86 /* GifImageView.swift */ = {isa = PBXFileReference; lastKnownFileType = sourcecode.swift; path = GifImageView.swift; sourceTree = "<group>"; };
		FF3991932839476200963F86 /* CountdownView.swift */ = {isa = PBXFileReference; lastKnownFileType = sourcecode.swift; path = CountdownView.swift; sourceTree = "<group>"; };
		FF443EC8283EA60D00F7330D /* GoogleService-Info.plist */ = {isa = PBXFileReference; fileEncoding = 4; lastKnownFileType = text.plist.xml; path = "GoogleService-Info.plist"; sourceTree = "<group>"; };
		FF5DBBD4282DE0C0007DC544 /* TagOutView.swift */ = {isa = PBXFileReference; lastKnownFileType = sourcecode.swift; path = TagOutView.swift; sourceTree = "<group>"; };
		FF7A0B6A282D67F1003BE9BF /* Gotcha.app */ = {isa = PBXFileReference; explicitFileType = wrapper.application; includeInIndex = 0; path = Gotcha.app; sourceTree = BUILT_PRODUCTS_DIR; };
		FF7A0B6D282D67F1003BE9BF /* GotchaApp.swift */ = {isa = PBXFileReference; lastKnownFileType = sourcecode.swift; path = GotchaApp.swift; sourceTree = "<group>"; };
		FF7A0B71282D67F4003BE9BF /* Assets.xcassets */ = {isa = PBXFileReference; lastKnownFileType = folder.assetcatalog; path = Assets.xcassets; sourceTree = "<group>"; };
		FF7A0B74282D67F5003BE9BF /* Preview Assets.xcassets */ = {isa = PBXFileReference; lastKnownFileType = folder.assetcatalog; path = "Preview Assets.xcassets"; sourceTree = "<group>"; };
		FF7A0B7A282D67F5003BE9BF /* GotchaTests.xctest */ = {isa = PBXFileReference; explicitFileType = wrapper.cfbundle; includeInIndex = 0; path = GotchaTests.xctest; sourceTree = BUILT_PRODUCTS_DIR; };
		FF7A0B7E282D67F5003BE9BF /* GotchaTests.swift */ = {isa = PBXFileReference; lastKnownFileType = sourcecode.swift; path = GotchaTests.swift; sourceTree = "<group>"; };
		FF7A0B84282D67F5003BE9BF /* GotchaUITests.xctest */ = {isa = PBXFileReference; explicitFileType = wrapper.cfbundle; includeInIndex = 0; path = GotchaUITests.xctest; sourceTree = BUILT_PRODUCTS_DIR; };
		FF7A0B88282D67F5003BE9BF /* GotchaUITests.swift */ = {isa = PBXFileReference; lastKnownFileType = sourcecode.swift; path = GotchaUITests.swift; sourceTree = "<group>"; };
		FF7A0B8A282D67F5003BE9BF /* GotchaUITestsLaunchTests.swift */ = {isa = PBXFileReference; lastKnownFileType = sourcecode.swift; path = GotchaUITestsLaunchTests.swift; sourceTree = "<group>"; };
		FF7A0B97282D69E4003BE9BF /* LoginView.swift */ = {isa = PBXFileReference; lastKnownFileType = sourcecode.swift; path = LoginView.swift; sourceTree = "<group>"; };
		FF7A0B99282D69F1003BE9BF /* MainView.swift */ = {isa = PBXFileReference; lastKnownFileType = sourcecode.swift; path = MainView.swift; sourceTree = "<group>"; };
		FF7A0B9B282D69FB003BE9BF /* LeaderBoardView.swift */ = {isa = PBXFileReference; lastKnownFileType = sourcecode.swift; path = LeaderBoardView.swift; sourceTree = "<group>"; };
		FFE71956283C0480008299EC /* ezgif.com-gif-maker (1).gif */ = {isa = PBXFileReference; lastKnownFileType = image.gif; path = "ezgif.com-gif-maker (1).gif"; sourceTree = "<group>"; };
		FFE71958283C04E3008299EC /* anonymous-glitch.gif */ = {isa = PBXFileReference; lastKnownFileType = image.gif; path = "anonymous-glitch.gif"; sourceTree = "<group>"; };
		FFE7195A283C053D008299EC /* ezgif.com-gif-maker (2).gif */ = {isa = PBXFileReference; lastKnownFileType = image.gif; path = "ezgif.com-gif-maker (2).gif"; sourceTree = "<group>"; };
/* End PBXFileReference section */

/* Begin PBXFrameworksBuildPhase section */
		FF7A0B67282D67F1003BE9BF /* Frameworks */ = {
			isa = PBXFrameworksBuildPhase;
			buildActionMask = 2147483647;
			files = (
				17E57EBC283EABDB00424A1E /* FirebaseDatabaseSwift-Beta in Frameworks */,
				17E57EBA283EABDB00424A1E /* FirebaseDatabase in Frameworks */,
				17E57EBE283EABDC00424A1E /* FirebaseFirestore in Frameworks */,
			);
			runOnlyForDeploymentPostprocessing = 0;
		};
		FF7A0B77282D67F5003BE9BF /* Frameworks */ = {
			isa = PBXFrameworksBuildPhase;
			buildActionMask = 2147483647;
			files = (
			);
			runOnlyForDeploymentPostprocessing = 0;
		};
		FF7A0B81282D67F5003BE9BF /* Frameworks */ = {
			isa = PBXFrameworksBuildPhase;
			buildActionMask = 2147483647;
			files = (
			);
			runOnlyForDeploymentPostprocessing = 0;
		};
/* End PBXFrameworksBuildPhase section */

/* Begin PBXGroup section */
		FF7A0B61282D67F1003BE9BF = {
			isa = PBXGroup;
			children = (
				FF0938A1283A88DD0026AB2D /* PopUp.swift */,
				FF7A0B6C282D67F1003BE9BF /* Gotcha */,
				FF7A0B7D282D67F5003BE9BF /* GotchaTests */,
				FF7A0B87282D67F5003BE9BF /* GotchaUITests */,
				FF7A0B6B282D67F1003BE9BF /* Products */,
			);
			sourceTree = "<group>";
		};
		FF7A0B6B282D67F1003BE9BF /* Products */ = {
			isa = PBXGroup;
			children = (
				FF7A0B6A282D67F1003BE9BF /* Gotcha.app */,
				FF7A0B7A282D67F5003BE9BF /* GotchaTests.xctest */,
				FF7A0B84282D67F5003BE9BF /* GotchaUITests.xctest */,
			);
			name = Products;
			sourceTree = "<group>";
		};
		FF7A0B6C282D67F1003BE9BF /* Gotcha */ = {
			isa = PBXGroup;
			children = (
				FF7A0B6D282D67F1003BE9BF /* GotchaApp.swift */,
				FF7A0B97282D69E4003BE9BF /* LoginView.swift */,
				FF7A0B99282D69F1003BE9BF /* MainView.swift */,
				FF3991912839447200963F86 /* GifImageView.swift */,
				FF3991932839476200963F86 /* CountdownView.swift */,
				FF443EC8283EA60D00F7330D /* GoogleService-Info.plist */,
				FF09389F283A843E0026AB2D /* ReportError.swift */,
				FFE71958283C04E3008299EC /* anonymous-glitch.gif */,
				FF09389B2839EA570026AB2D /* GlowBorder.swift */,
				FF39917C2837236900963F86 /* ProfileView.swift */,
				FFE7195A283C053D008299EC /* ezgif.com-gif-maker (2).gif */,
				FF5DBBD4282DE0C0007DC544 /* TagOutView.swift */,
				FFE71956283C0480008299EC /* ezgif.com-gif-maker (1).gif */,
				FF7A0B9B282D69FB003BE9BF /* LeaderBoardView.swift */,
				FF7A0B71282D67F4003BE9BF /* Assets.xcassets */,
				FF7A0B73282D67F5003BE9BF /* Preview Content */,
			);
			path = Gotcha;
			sourceTree = "<group>";
		};
		FF7A0B73282D67F5003BE9BF /* Preview Content */ = {
			isa = PBXGroup;
			children = (
				FF7A0B74282D67F5003BE9BF /* Preview Assets.xcassets */,
			);
			path = "Preview Content";
			sourceTree = "<group>";
		};
		FF7A0B7D282D67F5003BE9BF /* GotchaTests */ = {
			isa = PBXGroup;
			children = (
				FF7A0B7E282D67F5003BE9BF /* GotchaTests.swift */,
			);
			path = GotchaTests;
			sourceTree = "<group>";
		};
		FF7A0B87282D67F5003BE9BF /* GotchaUITests */ = {
			isa = PBXGroup;
			children = (
				FF7A0B88282D67F5003BE9BF /* GotchaUITests.swift */,
				FF7A0B8A282D67F5003BE9BF /* GotchaUITestsLaunchTests.swift */,
			);
			path = GotchaUITests;
			sourceTree = "<group>";
		};
/* End PBXGroup section */

/* Begin PBXNativeTarget section */
		FF7A0B69282D67F1003BE9BF /* Gotcha */ = {
			isa = PBXNativeTarget;
			buildConfigurationList = FF7A0B8E282D67F5003BE9BF /* Build configuration list for PBXNativeTarget "Gotcha" */;
			buildPhases = (
				FF7A0B66282D67F1003BE9BF /* Sources */,
				FF7A0B67282D67F1003BE9BF /* Frameworks */,
				FF7A0B68282D67F1003BE9BF /* Resources */,
			);
			buildRules = (
			);
			dependencies = (
			);
			name = Gotcha;
			packageProductDependencies = (
				17E57EB9283EABDB00424A1E /* FirebaseDatabase */,
				17E57EBB283EABDB00424A1E /* FirebaseDatabaseSwift-Beta */,
				17E57EBD283EABDC00424A1E /* FirebaseFirestore */,
			);
			productName = Gotcha;
			productReference = FF7A0B6A282D67F1003BE9BF /* Gotcha.app */;
			productType = "com.apple.product-type.application";
		};
		FF7A0B79282D67F5003BE9BF /* GotchaTests */ = {
			isa = PBXNativeTarget;
			buildConfigurationList = FF7A0B91282D67F5003BE9BF /* Build configuration list for PBXNativeTarget "GotchaTests" */;
			buildPhases = (
				FF7A0B76282D67F5003BE9BF /* Sources */,
				FF7A0B77282D67F5003BE9BF /* Frameworks */,
				FF7A0B78282D67F5003BE9BF /* Resources */,
			);
			buildRules = (
			);
			dependencies = (
				FF7A0B7C282D67F5003BE9BF /* PBXTargetDependency */,
			);
			name = GotchaTests;
			productName = GotchaTests;
			productReference = FF7A0B7A282D67F5003BE9BF /* GotchaTests.xctest */;
			productType = "com.apple.product-type.bundle.unit-test";
		};
		FF7A0B83282D67F5003BE9BF /* GotchaUITests */ = {
			isa = PBXNativeTarget;
			buildConfigurationList = FF7A0B94282D67F5003BE9BF /* Build configuration list for PBXNativeTarget "GotchaUITests" */;
			buildPhases = (
				FF7A0B80282D67F5003BE9BF /* Sources */,
				FF7A0B81282D67F5003BE9BF /* Frameworks */,
				FF7A0B82282D67F5003BE9BF /* Resources */,
			);
			buildRules = (
			);
			dependencies = (
				FF7A0B86282D67F5003BE9BF /* PBXTargetDependency */,
			);
			name = GotchaUITests;
			productName = GotchaUITests;
			productReference = FF7A0B84282D67F5003BE9BF /* GotchaUITests.xctest */;
			productType = "com.apple.product-type.bundle.ui-testing";
		};
/* End PBXNativeTarget section */

/* Begin PBXProject section */
		FF7A0B62282D67F1003BE9BF /* Project object */ = {
			isa = PBXProject;
			attributes = {
				BuildIndependentTargetsInParallel = 1;
				LastSwiftUpdateCheck = 1330;
				LastUpgradeCheck = 1330;
				TargetAttributes = {
					FF7A0B69282D67F1003BE9BF = {
						CreatedOnToolsVersion = 13.3.1;
					};
					FF7A0B79282D67F5003BE9BF = {
						CreatedOnToolsVersion = 13.3.1;
						TestTargetID = FF7A0B69282D67F1003BE9BF;
					};
					FF7A0B83282D67F5003BE9BF = {
						CreatedOnToolsVersion = 13.3.1;
						TestTargetID = FF7A0B69282D67F1003BE9BF;
					};
				};
			};
			buildConfigurationList = FF7A0B65282D67F1003BE9BF /* Build configuration list for PBXProject "Gotcha" */;
			compatibilityVersion = "Xcode 13.0";
			developmentRegion = en;
			hasScannedForEncodings = 0;
			knownRegions = (
				en,
				Base,
			);
			mainGroup = FF7A0B61282D67F1003BE9BF;
			packageReferences = (
				17E57EB8283EABDB00424A1E /* XCRemoteSwiftPackageReference "firebase-ios-sdk" */,
			);
			productRefGroup = FF7A0B6B282D67F1003BE9BF /* Products */;
			projectDirPath = "";
			projectRoot = "";
			targets = (
				FF7A0B69282D67F1003BE9BF /* Gotcha */,
				FF7A0B79282D67F5003BE9BF /* GotchaTests */,
				FF7A0B83282D67F5003BE9BF /* GotchaUITests */,
			);
		};
/* End PBXProject section */

/* Begin PBXResourcesBuildPhase section */
		FF7A0B68282D67F1003BE9BF /* Resources */ = {
			isa = PBXResourcesBuildPhase;
			buildActionMask = 2147483647;
			files = (
				FFE7195B283C053D008299EC /* ezgif.com-gif-maker (2).gif in Resources */,
				FF7A0B75282D67F5003BE9BF /* Preview Assets.xcassets in Resources */,
				FF7A0B72282D67F4003BE9BF /* Assets.xcassets in Resources */,
				FFE71959283C04E3008299EC /* anonymous-glitch.gif in Resources */,
				FFE71957283C0481008299EC /* ezgif.com-gif-maker (1).gif in Resources */,
				FF443EC9283EA60D00F7330D /* GoogleService-Info.plist in Resources */,
			);
			runOnlyForDeploymentPostprocessing = 0;
		};
		FF7A0B78282D67F5003BE9BF /* Resources */ = {
			isa = PBXResourcesBuildPhase;
			buildActionMask = 2147483647;
			files = (
			);
			runOnlyForDeploymentPostprocessing = 0;
		};
		FF7A0B82282D67F5003BE9BF /* Resources */ = {
			isa = PBXResourcesBuildPhase;
			buildActionMask = 2147483647;
			files = (
			);
			runOnlyForDeploymentPostprocessing = 0;
		};
/* End PBXResourcesBuildPhase section */

/* Begin PBXSourcesBuildPhase section */
		FF7A0B66282D67F1003BE9BF /* Sources */ = {
			isa = PBXSourcesBuildPhase;
			buildActionMask = 2147483647;
			files = (
				FF0938A0283A843F0026AB2D /* ReportError.swift in Sources */,
				FF39917D2837236900963F86 /* ProfileView.swift in Sources */,
				FF3991922839447200963F86 /* GifImageView.swift in Sources */,
				FF3991942839476200963F86 /* CountdownView.swift in Sources */,
				FF09389C2839EA580026AB2D /* GlowBorder.swift in Sources */,
				FF5DBBD5282DE0C0007DC544 /* TagOutView.swift in Sources */,
				FF7A0B98282D69E4003BE9BF /* LoginView.swift in Sources */,
				FF7A0B9A282D69F1003BE9BF /* MainView.swift in Sources */,
				FF7A0B6E282D67F1003BE9BF /* GotchaApp.swift in Sources */,
				FF0938A2283A88DD0026AB2D /* PopUp.swift in Sources */,
				FF7A0B9C282D69FB003BE9BF /* LeaderBoardView.swift in Sources */,
			);
			runOnlyForDeploymentPostprocessing = 0;
		};
		FF7A0B76282D67F5003BE9BF /* Sources */ = {
			isa = PBXSourcesBuildPhase;
			buildActionMask = 2147483647;
			files = (
				FF7A0B7F282D67F5003BE9BF /* GotchaTests.swift in Sources */,
			);
			runOnlyForDeploymentPostprocessing = 0;
		};
		FF7A0B80282D67F5003BE9BF /* Sources */ = {
			isa = PBXSourcesBuildPhase;
			buildActionMask = 2147483647;
			files = (
				FF7A0B8B282D67F5003BE9BF /* GotchaUITestsLaunchTests.swift in Sources */,
				FF7A0B89282D67F5003BE9BF /* GotchaUITests.swift in Sources */,
			);
			runOnlyForDeploymentPostprocessing = 0;
		};
/* End PBXSourcesBuildPhase section */

/* Begin PBXTargetDependency section */
		FF7A0B7C282D67F5003BE9BF /* PBXTargetDependency */ = {
			isa = PBXTargetDependency;
			target = FF7A0B69282D67F1003BE9BF /* Gotcha */;
			targetProxy = FF7A0B7B282D67F5003BE9BF /* PBXContainerItemProxy */;
		};
		FF7A0B86282D67F5003BE9BF /* PBXTargetDependency */ = {
			isa = PBXTargetDependency;
			target = FF7A0B69282D67F1003BE9BF /* Gotcha */;
			targetProxy = FF7A0B85282D67F5003BE9BF /* PBXContainerItemProxy */;
		};
/* End PBXTargetDependency section */

/* Begin XCBuildConfiguration section */
		FF7A0B8C282D67F5003BE9BF /* Debug */ = {
			isa = XCBuildConfiguration;
			buildSettings = {
				ALWAYS_SEARCH_USER_PATHS = NO;
				CLANG_ANALYZER_NONNULL = YES;
				CLANG_ANALYZER_NUMBER_OBJECT_CONVERSION = YES_AGGRESSIVE;
				CLANG_CXX_LANGUAGE_STANDARD = "gnu++17";
				CLANG_ENABLE_MODULES = YES;
				CLANG_ENABLE_OBJC_ARC = YES;
				CLANG_ENABLE_OBJC_WEAK = YES;
				CLANG_WARN_BLOCK_CAPTURE_AUTORELEASING = YES;
				CLANG_WARN_BOOL_CONVERSION = YES;
				CLANG_WARN_COMMA = YES;
				CLANG_WARN_CONSTANT_CONVERSION = YES;
				CLANG_WARN_DEPRECATED_OBJC_IMPLEMENTATIONS = YES;
				CLANG_WARN_DIRECT_OBJC_ISA_USAGE = YES_ERROR;
				CLANG_WARN_DOCUMENTATION_COMMENTS = YES;
				CLANG_WARN_EMPTY_BODY = YES;
				CLANG_WARN_ENUM_CONVERSION = YES;
				CLANG_WARN_INFINITE_RECURSION = YES;
				CLANG_WARN_INT_CONVERSION = YES;
				CLANG_WARN_NON_LITERAL_NULL_CONVERSION = YES;
				CLANG_WARN_OBJC_IMPLICIT_RETAIN_SELF = YES;
				CLANG_WARN_OBJC_LITERAL_CONVERSION = YES;
				CLANG_WARN_OBJC_ROOT_CLASS = YES_ERROR;
				CLANG_WARN_QUOTED_INCLUDE_IN_FRAMEWORK_HEADER = YES;
				CLANG_WARN_RANGE_LOOP_ANALYSIS = YES;
				CLANG_WARN_STRICT_PROTOTYPES = YES;
				CLANG_WARN_SUSPICIOUS_MOVE = YES;
				CLANG_WARN_UNGUARDED_AVAILABILITY = YES_AGGRESSIVE;
				CLANG_WARN_UNREACHABLE_CODE = YES;
				CLANG_WARN__DUPLICATE_METHOD_MATCH = YES;
				COPY_PHASE_STRIP = NO;
				DEBUG_INFORMATION_FORMAT = dwarf;
				ENABLE_STRICT_OBJC_MSGSEND = YES;
				ENABLE_TESTABILITY = YES;
				GCC_C_LANGUAGE_STANDARD = gnu11;
				GCC_DYNAMIC_NO_PIC = NO;
				GCC_NO_COMMON_BLOCKS = YES;
				GCC_OPTIMIZATION_LEVEL = 0;
				GCC_PREPROCESSOR_DEFINITIONS = (
					"DEBUG=1",
					"$(inherited)",
				);
				GCC_WARN_64_TO_32_BIT_CONVERSION = YES;
				GCC_WARN_ABOUT_RETURN_TYPE = YES_ERROR;
				GCC_WARN_UNDECLARED_SELECTOR = YES;
				GCC_WARN_UNINITIALIZED_AUTOS = YES_AGGRESSIVE;
				GCC_WARN_UNUSED_FUNCTION = YES;
				GCC_WARN_UNUSED_VARIABLE = YES;
				IPHONEOS_DEPLOYMENT_TARGET = 15.4;
				MTL_ENABLE_DEBUG_INFO = INCLUDE_SOURCE;
				MTL_FAST_MATH = YES;
				ONLY_ACTIVE_ARCH = YES;
				SDKROOT = iphoneos;
				SWIFT_ACTIVE_COMPILATION_CONDITIONS = DEBUG;
				SWIFT_OPTIMIZATION_LEVEL = "-Onone";
			};
			name = Debug;
		};
		FF7A0B8D282D67F5003BE9BF /* Release */ = {
			isa = XCBuildConfiguration;
			buildSettings = {
				ALWAYS_SEARCH_USER_PATHS = NO;
				CLANG_ANALYZER_NONNULL = YES;
				CLANG_ANALYZER_NUMBER_OBJECT_CONVERSION = YES_AGGRESSIVE;
				CLANG_CXX_LANGUAGE_STANDARD = "gnu++17";
				CLANG_ENABLE_MODULES = YES;
				CLANG_ENABLE_OBJC_ARC = YES;
				CLANG_ENABLE_OBJC_WEAK = YES;
				CLANG_WARN_BLOCK_CAPTURE_AUTORELEASING = YES;
				CLANG_WARN_BOOL_CONVERSION = YES;
				CLANG_WARN_COMMA = YES;
				CLANG_WARN_CONSTANT_CONVERSION = YES;
				CLANG_WARN_DEPRECATED_OBJC_IMPLEMENTATIONS = YES;
				CLANG_WARN_DIRECT_OBJC_ISA_USAGE = YES_ERROR;
				CLANG_WARN_DOCUMENTATION_COMMENTS = YES;
				CLANG_WARN_EMPTY_BODY = YES;
				CLANG_WARN_ENUM_CONVERSION = YES;
				CLANG_WARN_INFINITE_RECURSION = YES;
				CLANG_WARN_INT_CONVERSION = YES;
				CLANG_WARN_NON_LITERAL_NULL_CONVERSION = YES;
				CLANG_WARN_OBJC_IMPLICIT_RETAIN_SELF = YES;
				CLANG_WARN_OBJC_LITERAL_CONVERSION = YES;
				CLANG_WARN_OBJC_ROOT_CLASS = YES_ERROR;
				CLANG_WARN_QUOTED_INCLUDE_IN_FRAMEWORK_HEADER = YES;
				CLANG_WARN_RANGE_LOOP_ANALYSIS = YES;
				CLANG_WARN_STRICT_PROTOTYPES = YES;
				CLANG_WARN_SUSPICIOUS_MOVE = YES;
				CLANG_WARN_UNGUARDED_AVAILABILITY = YES_AGGRESSIVE;
				CLANG_WARN_UNREACHABLE_CODE = YES;
				CLANG_WARN__DUPLICATE_METHOD_MATCH = YES;
				COPY_PHASE_STRIP = NO;
				DEBUG_INFORMATION_FORMAT = "dwarf-with-dsym";
				ENABLE_NS_ASSERTIONS = NO;
				ENABLE_STRICT_OBJC_MSGSEND = YES;
				GCC_C_LANGUAGE_STANDARD = gnu11;
				GCC_NO_COMMON_BLOCKS = YES;
				GCC_WARN_64_TO_32_BIT_CONVERSION = YES;
				GCC_WARN_ABOUT_RETURN_TYPE = YES_ERROR;
				GCC_WARN_UNDECLARED_SELECTOR = YES;
				GCC_WARN_UNINITIALIZED_AUTOS = YES_AGGRESSIVE;
				GCC_WARN_UNUSED_FUNCTION = YES;
				GCC_WARN_UNUSED_VARIABLE = YES;
				IPHONEOS_DEPLOYMENT_TARGET = 15.4;
				MTL_ENABLE_DEBUG_INFO = NO;
				MTL_FAST_MATH = YES;
				SDKROOT = iphoneos;
				SWIFT_COMPILATION_MODE = wholemodule;
				SWIFT_OPTIMIZATION_LEVEL = "-O";
				VALIDATE_PRODUCT = YES;
			};
			name = Release;
		};
		FF7A0B8F282D67F5003BE9BF /* Debug */ = {
			isa = XCBuildConfiguration;
			buildSettings = {
				ASSETCATALOG_COMPILER_APPICON_NAME = AppIcon;
				ASSETCATALOG_COMPILER_GLOBAL_ACCENT_COLOR_NAME = AccentColor;
				CODE_SIGN_STYLE = Automatic;
				CURRENT_PROJECT_VERSION = 1;
				DEVELOPMENT_ASSET_PATHS = "\"Gotcha/Preview Content\"";
				DEVELOPMENT_TEAM = 7KB24DX3LW;
				ENABLE_PREVIEWS = YES;
				GENERATE_INFOPLIST_FILE = YES;
				INFOPLIST_KEY_UIApplicationSceneManifest_Generation = YES;
				INFOPLIST_KEY_UIApplicationSupportsIndirectInputEvents = YES;
				INFOPLIST_KEY_UILaunchScreen_Generation = YES;
				INFOPLIST_KEY_UISupportedInterfaceOrientations_iPad = "UIInterfaceOrientationPortrait UIInterfaceOrientationPortraitUpsideDown UIInterfaceOrientationLandscapeLeft UIInterfaceOrientationLandscapeRight";
				INFOPLIST_KEY_UISupportedInterfaceOrientations_iPhone = "UIInterfaceOrientationPortrait UIInterfaceOrientationLandscapeLeft UIInterfaceOrientationLandscapeRight";
				LD_RUNPATH_SEARCH_PATHS = (
					"$(inherited)",
					"@executable_path/Frameworks",
				);
				MARKETING_VERSION = 1.0;
				PRODUCT_BUNDLE_IDENTIFIER = com.GotchaGang.Gotcha;
				PRODUCT_NAME = "$(TARGET_NAME)";
				SWIFT_EMIT_LOC_STRINGS = YES;
				SWIFT_VERSION = 5.0;
				TARGETED_DEVICE_FAMILY = "1,2";
			};
			name = Debug;
		};
		FF7A0B90282D67F5003BE9BF /* Release */ = {
			isa = XCBuildConfiguration;
			buildSettings = {
				ASSETCATALOG_COMPILER_APPICON_NAME = AppIcon;
				ASSETCATALOG_COMPILER_GLOBAL_ACCENT_COLOR_NAME = AccentColor;
				CODE_SIGN_STYLE = Automatic;
				CURRENT_PROJECT_VERSION = 1;
				DEVELOPMENT_ASSET_PATHS = "\"Gotcha/Preview Content\"";
				DEVELOPMENT_TEAM = 7KB24DX3LW;
				ENABLE_PREVIEWS = YES;
				GENERATE_INFOPLIST_FILE = YES;
				INFOPLIST_KEY_UIApplicationSceneManifest_Generation = YES;
				INFOPLIST_KEY_UIApplicationSupportsIndirectInputEvents = YES;
				INFOPLIST_KEY_UILaunchScreen_Generation = YES;
				INFOPLIST_KEY_UISupportedInterfaceOrientations_iPad = "UIInterfaceOrientationPortrait UIInterfaceOrientationPortraitUpsideDown UIInterfaceOrientationLandscapeLeft UIInterfaceOrientationLandscapeRight";
				INFOPLIST_KEY_UISupportedInterfaceOrientations_iPhone = "UIInterfaceOrientationPortrait UIInterfaceOrientationLandscapeLeft UIInterfaceOrientationLandscapeRight";
				LD_RUNPATH_SEARCH_PATHS = (
					"$(inherited)",
					"@executable_path/Frameworks",
				);
				MARKETING_VERSION = 1.0;
				PRODUCT_BUNDLE_IDENTIFIER = com.GotchaGang.Gotcha;
				PRODUCT_NAME = "$(TARGET_NAME)";
				SWIFT_EMIT_LOC_STRINGS = YES;
				SWIFT_VERSION = 5.0;
				TARGETED_DEVICE_FAMILY = "1,2";
			};
			name = Release;
		};
		FF7A0B92282D67F5003BE9BF /* Debug */ = {
			isa = XCBuildConfiguration;
			buildSettings = {
				ALWAYS_EMBED_SWIFT_STANDARD_LIBRARIES = YES;
				BUNDLE_LOADER = "$(TEST_HOST)";
				CODE_SIGN_STYLE = Automatic;
				CURRENT_PROJECT_VERSION = 1;
				DEVELOPMENT_TEAM = 7KB24DX3LW;
				GENERATE_INFOPLIST_FILE = YES;
				IPHONEOS_DEPLOYMENT_TARGET = 15.4;
				MARKETING_VERSION = 1.0;
				PRODUCT_BUNDLE_IDENTIFIER = com.BlakeAnkner.GotchaTests;
				PRODUCT_NAME = "$(TARGET_NAME)";
				SWIFT_EMIT_LOC_STRINGS = NO;
				SWIFT_VERSION = 5.0;
				TARGETED_DEVICE_FAMILY = "1,2";
				TEST_HOST = "$(BUILT_PRODUCTS_DIR)/Gotcha.app/Gotcha";
			};
			name = Debug;
		};
		FF7A0B93282D67F5003BE9BF /* Release */ = {
			isa = XCBuildConfiguration;
			buildSettings = {
				ALWAYS_EMBED_SWIFT_STANDARD_LIBRARIES = YES;
				BUNDLE_LOADER = "$(TEST_HOST)";
				CODE_SIGN_STYLE = Automatic;
				CURRENT_PROJECT_VERSION = 1;
				DEVELOPMENT_TEAM = 7KB24DX3LW;
				GENERATE_INFOPLIST_FILE = YES;
				IPHONEOS_DEPLOYMENT_TARGET = 15.4;
				MARKETING_VERSION = 1.0;
				PRODUCT_BUNDLE_IDENTIFIER = com.BlakeAnkner.GotchaTests;
				PRODUCT_NAME = "$(TARGET_NAME)";
				SWIFT_EMIT_LOC_STRINGS = NO;
				SWIFT_VERSION = 5.0;
				TARGETED_DEVICE_FAMILY = "1,2";
				TEST_HOST = "$(BUILT_PRODUCTS_DIR)/Gotcha.app/Gotcha";
			};
			name = Release;
		};
		FF7A0B95282D67F5003BE9BF /* Debug */ = {
			isa = XCBuildConfiguration;
			buildSettings = {
				ALWAYS_EMBED_SWIFT_STANDARD_LIBRARIES = YES;
				CODE_SIGN_STYLE = Automatic;
				CURRENT_PROJECT_VERSION = 1;
				DEVELOPMENT_TEAM = 7KB24DX3LW;
				GENERATE_INFOPLIST_FILE = YES;
				MARKETING_VERSION = 1.0;
				PRODUCT_BUNDLE_IDENTIFIER = com.BlakeAnkner.GotchaUITests;
				PRODUCT_NAME = "$(TARGET_NAME)";
				SWIFT_EMIT_LOC_STRINGS = NO;
				SWIFT_VERSION = 5.0;
				TARGETED_DEVICE_FAMILY = "1,2";
				TEST_TARGET_NAME = Gotcha;
			};
			name = Debug;
		};
		FF7A0B96282D67F5003BE9BF /* Release */ = {
			isa = XCBuildConfiguration;
			buildSettings = {
				ALWAYS_EMBED_SWIFT_STANDARD_LIBRARIES = YES;
				CODE_SIGN_STYLE = Automatic;
				CURRENT_PROJECT_VERSION = 1;
				DEVELOPMENT_TEAM = 7KB24DX3LW;
				GENERATE_INFOPLIST_FILE = YES;
				MARKETING_VERSION = 1.0;
				PRODUCT_BUNDLE_IDENTIFIER = com.BlakeAnkner.GotchaUITests;
				PRODUCT_NAME = "$(TARGET_NAME)";
				SWIFT_EMIT_LOC_STRINGS = NO;
				SWIFT_VERSION = 5.0;
				TARGETED_DEVICE_FAMILY = "1,2";
				TEST_TARGET_NAME = Gotcha;
			};
			name = Release;
		};
/* End XCBuildConfiguration section */

/* Begin XCConfigurationList section */
		FF7A0B65282D67F1003BE9BF /* Build configuration list for PBXProject "Gotcha" */ = {
			isa = XCConfigurationList;
			buildConfigurations = (
				FF7A0B8C282D67F5003BE9BF /* Debug */,
				FF7A0B8D282D67F5003BE9BF /* Release */,
			);
			defaultConfigurationIsVisible = 0;
			defaultConfigurationName = Release;
		};
		FF7A0B8E282D67F5003BE9BF /* Build configuration list for PBXNativeTarget "Gotcha" */ = {
			isa = XCConfigurationList;
			buildConfigurations = (
				FF7A0B8F282D67F5003BE9BF /* Debug */,
				FF7A0B90282D67F5003BE9BF /* Release */,
			);
			defaultConfigurationIsVisible = 0;
			defaultConfigurationName = Release;
		};
		FF7A0B91282D67F5003BE9BF /* Build configuration list for PBXNativeTarget "GotchaTests" */ = {
			isa = XCConfigurationList;
			buildConfigurations = (
				FF7A0B92282D67F5003BE9BF /* Debug */,
				FF7A0B93282D67F5003BE9BF /* Release */,
			);
			defaultConfigurationIsVisible = 0;
			defaultConfigurationName = Release;
		};
		FF7A0B94282D67F5003BE9BF /* Build configuration list for PBXNativeTarget "GotchaUITests" */ = {
			isa = XCConfigurationList;
			buildConfigurations = (
				FF7A0B95282D67F5003BE9BF /* Debug */,
				FF7A0B96282D67F5003BE9BF /* Release */,
			);
			defaultConfigurationIsVisible = 0;
			defaultConfigurationName = Release;
		};
/* End XCConfigurationList section */

/* Begin XCRemoteSwiftPackageReference section */
		17E57EB8283EABDB00424A1E /* XCRemoteSwiftPackageReference "firebase-ios-sdk" */ = {
			isa = XCRemoteSwiftPackageReference;
			repositoryURL = "https://github.com/firebase/firebase-ios-sdk";
			requirement = {
				kind = exactVersion;
				version = 8.9.1;
			};
		};
/* End XCRemoteSwiftPackageReference section */

/* Begin XCSwiftPackageProductDependency section */
		17E57EB9283EABDB00424A1E /* FirebaseDatabase */ = {
			isa = XCSwiftPackageProductDependency;
			package = 17E57EB8283EABDB00424A1E /* XCRemoteSwiftPackageReference "firebase-ios-sdk" */;
			productName = FirebaseDatabase;
		};
		17E57EBB283EABDB00424A1E /* FirebaseDatabaseSwift-Beta */ = {
			isa = XCSwiftPackageProductDependency;
			package = 17E57EB8283EABDB00424A1E /* XCRemoteSwiftPackageReference "firebase-ios-sdk" */;
			productName = "FirebaseDatabaseSwift-Beta";
		};
		17E57EBD283EABDC00424A1E /* FirebaseFirestore */ = {
			isa = XCSwiftPackageProductDependency;
			package = 17E57EB8283EABDB00424A1E /* XCRemoteSwiftPackageReference "firebase-ios-sdk" */;
			productName = FirebaseFirestore;
		};
/* End XCSwiftPackageProductDependency section */
	};
	rootObject = FF7A0B62282D67F1003BE9BF /* Project object */;
}
